
Microsoft Visual Studio Solution File, Format Version 12.00
# Visual Studio Version 16
VisualStudioVersion = 16.0.32228.343
MinimumVisualStudioVersion = 10.0.40219.1
Project("{FAE04EC0-301F-11D3-BF4B-00C04F79EFBC}") = "Zad", "Zad\Zad.csproj", "{DCFEE0E1-8ED1-4936-ADD1-2E532270C3DE}"
EndProject
Global
	GlobalSection(SolutionConfigurationPlatforms) = preSolution
		Debug|Any CPU = Debug|Any CPU
		Release|Any CPU = Release|Any CPU
	EndGlobalSection
	GlobalSection(ProjectConfigurationPlatforms) = postSolution
		{DCFEE0E1-8ED1-4936-ADD1-2E532270C3DE}.Debug|Any CPU.ActiveCfg = Debug|Any CPU
		{DCFEE0E1-8ED1-4936-ADD1-2E532270C3DE}.Debug|Any CPU.Build.0 = Debug|Any CPU
		{DCFEE0E1-8ED1-4936-ADD1-2E532270C3DE}.Release|Any CPU.ActiveCfg = Release|Any CPU
		{DCFEE0E1-8ED1-4936-ADD1-2E532270C3DE}.Release|Any CPU.Build.0 = Release|Any CPU
	EndGlobalSection
	GlobalSection(SolutionProperties) = preSolution
		HideSolutionNode = FALSE
	EndGlobalSection
	GlobalSection(ExtensibilityGlobals) = postSolution
		SolutionGuid = {8C553A18-8012-4059-8C54-5B898954C430}
	EndGlobalSection
EndGlobal
